
Microsoft Visual Studio Solution File, Format Version 12.00
# Visual Studio Version 17
VisualStudioVersion = 17.11.35303.130
MinimumVisualStudioVersion = 10.0.40219.1
Project("{FAE04EC0-301F-11D3-BF4B-00C04F79EFBC}") = "MyApp", "MyApp\MyApp.csproj", "{C36939D6-21C9-4529-97E1-270AE27A9AF8}"
EndProject
Global
	GlobalSection(SolutionConfigurationPlatforms) = preSolution
		Debug|Any CPU = Debug|Any CPU
		Release|Any CPU = Release|Any CPU
	EndGlobalSection
	GlobalSection(ProjectConfigurationPlatforms) = postSolution
		{C36939D6-21C9-4529-97E1-270AE27A9AF8}.Debug|Any CPU.ActiveCfg = Debug|Any CPU
		{C36939D6-21C9-4529-97E1-270AE27A9AF8}.Debug|Any CPU.Build.0 = Debug|Any CPU
		{C36939D6-21C9-4529-97E1-270AE27A9AF8}.Release|Any CPU.ActiveCfg = Release|Any CPU
		{C36939D6-21C9-4529-97E1-270AE27A9AF8}.Release|Any CPU.Build.0 = Release|Any CPU
	EndGlobalSection
	GlobalSection(SolutionProperties) = preSolution
		HideSolutionNode = FALSE
	EndGlobalSection
	GlobalSection(ExtensibilityGlobals) = postSolution
		SolutionGuid = {3E7AE293-2399-48CD-8216-8C3DBDDDC9C6}
	EndGlobalSection
EndGlobal
